hash: edd8da75e32d8e12c100435ae45b56d20c669cddf3236821f21976bf131cc6b6
updated: 2017-11-22T17:14:48.691706896-02:00
imports:
- name: github.com/coreos/go-systemd
  version: d2196463941895ee908e13531a23a39feb9e1243
  subpackages:
  - activation
- name: github.com/docker/go-connections
  version: 3ede32e2033de7505e6500d6c868c2b9ed9f169d
  subpackages:
  - sockets
- name: github.com/docker/go-plugins-helpers
  version: bd8c600f0cdd76c7a57ff6aa86bd2b423868c688
  subpackages:
  - sdk
  - volume
- name: github.com/docker/go-units
  version: f2d77a61e3c169b43402a0a1e84f06daf29b8190
- name: github.com/Microsoft/go-winio
  version: 78439966b38d69bf38227fbf57ac8a6fee70f69a
- name: github.com/pkg/errors
  version: 645ef00459ed84a119197bfb8d8205042c6df63d
- name: github.com/rs/zerolog
  version: 2ed2f2c974489526d10329dae76d0f175684109a
  subpackages:
  - internal/json
- name: github.com/stretchr/testify
  version: 69483b4bd14f5845b5a1e55bca19e954e827f1d0
  subpackages:
  - assert
  - require
- name: golang.org/x/net
  version: 66aacef3dd8a676686c7ae3716979581e8b03c47
  subpackages:
  - proxy
- name: golang.org/x/sys
  version: 7ddbeae9ae08c6a06a59597f0c9edbc5ff2444ce
  subpackages:
  - unix
  - windows
- name: gopkg.in/urfave/cli.v2
  version: b2bf3c5abeb90da407891aecd1df2c5a1f6170c1
testImports:
- name: github.com/davecgh/go-spew
  version: 6d212800a42e8ab5c146b8ace3490ee17e5225f9
  subpackages:
  - spew
- name: github.com/pmezard/go-difflib
  version: d8ed2627bdf02c080bf22230dbb337003b7aba2d
  subpackages:
  - difflib
